
Microsoft Visual Studio Solution File, Format Version 12.00
# Visual Studio Version 17
VisualStudioVersion = 17.0.31903.59
MinimumVisualStudioVersion = 10.0.40219.1
Project("{2150E333-8FDC-42A3-9474-1A3956D46DE8}") = "BuildingBlocks", "BuildingBlocks", "{7266C4A9-E384-DC00-0EB6-47F6002CFBA7}"
EndProject
Project("{FAE04EC0-301F-11D3-BF4B-00C04F79EFBC}") = "Blocks.AspNetCore", "src\BuildingBlocks\Blocks.AspNetCore\Blocks.AspNetCore.csproj", "{93086B73-DE3C-43BD-9D03-3539D397569A}"
EndProject
Project("{FAE04EC0-301F-11D3-BF4B-00C04F79EFBC}") = "Blocks.Domain", "src\BuildingBlocks\Blocks.Domain\Blocks.Domain.csproj", "{59E306AA-D7EB-46F2-907A-A70AC07C7CE9}"
EndProject
Project("{FAE04EC0-301F-11D3-BF4B-00C04F79EFBC}") = "Blocks.Exceptions", "src\BuildingBlocks\Blocks.Exceptions\Blocks.Exceptions.csproj", "{014357A1-C970-4CA9-BC78-2C85BFD8848B}"
EndProject
Project("{FAE04EC0-301F-11D3-BF4B-00C04F79EFBC}") = "Blocks.Core", "src\BuildingBlocks\Blocks.Core\Blocks.Core.csproj", "{624E6F5F-BDB1-4BBC-B725-5D1CF60A8A5A}"
EndProject
Project("{FAE04EC0-301F-11D3-BF4B-00C04F79EFBC}") = "Blocks.EntityFrameworkCore", "src\BuildingBlocks\Blocks.EntityFrameworkCore\Blocks.EntityFrameworkCore.csproj", "{8CD4CE0D-F538-40FA-8862-4F06339B71CE}"
EndProject
Project("{FAE04EC0-301F-11D3-BF4B-00C04F79EFBC}") = "Blocks.FastEndpoints", "src\BuildingBlocks\Blocks.FastEndpoints\Blocks.FastEndpoints.csproj", "{02EE3AD0-F450-4571-B8DA-3D6899ED36C9}"
EndProject
Project("{FAE04EC0-301F-11D3-BF4B-00C04F79EFBC}") = "Blocks.Hasura", "src\BuildingBlocks\Blocks.Hasura\Blocks.Hasura.csproj", "{52352302-5590-44D3-8C1C-45E76623DA4F}"
EndProject
Project("{FAE04EC0-301F-11D3-BF4B-00C04F79EFBC}") = "Blocks.Http.Abstractions", "src\BuildingBlocks\Blocks.Http.Abstractions\Blocks.Http.Abstractions.csproj", "{F384D12E-68C4-455C-9CC1-9FA329FEC57C}"
EndProject
Project("{FAE04EC0-301F-11D3-BF4B-00C04F79EFBC}") = "Blocks.MediatR", "src\BuildingBlocks\Blocks.MediatR\Blocks.MediatR.csproj", "{90B3A22A-D91E-4EE6-82CE-4C05195B3DB9}"
EndProject
Project("{FAE04EC0-301F-11D3-BF4B-00C04F79EFBC}") = "Blocks.Messaging", "src\BuildingBlocks\Blocks.Messaging\Blocks.Messaging.csproj", "{BE001124-5CD1-45C8-8A1C-8AFDE5F413B8}"
EndProject
Project("{FAE04EC0-301F-11D3-BF4B-00C04F79EFBC}") = "Blocks.Redis", "src\BuildingBlocks\Blocks.Redis\Blocks.Redis.csproj", "{6B4D7F8E-ACDD-4A5B-95D7-B8F2C892452A}"
EndProject
Project("{2150E333-8FDC-42A3-9474-1A3956D46DE8}") = "Modules", "Modules", "{CA253913-39DE-BFD0-C9A3-4B7EC6FBDF17}"
EndProject
Project("{2150E333-8FDC-42A3-9474-1A3956D46DE8}") = "EmailService", "EmailService", "{8472ABD4-6AD8-197C-EF5B-CF36BE2D6BEF}"
EndProject
Project("{FAE04EC0-301F-11D3-BF4B-00C04F79EFBC}") = "EmailService.Contracts", "src\Modules\EmailService\EmailService.Contracts\EmailService.Contracts.csproj", "{D419B3A0-1AFE-4B0E-BB4F-04437B34CEC2}"
EndProject
Project("{FAE04EC0-301F-11D3-BF4B-00C04F79EFBC}") = "EmailService.Empty", "src\Modules\EmailService\EmailService.Empty\EmailService.Empty.csproj", "{9D5E5F8E-D4DB-46D3-9502-CE143422D5F9}"
EndProject
Project("{FAE04EC0-301F-11D3-BF4B-00C04F79EFBC}") = "EmailService.SendGrid", "src\Modules\EmailService\EmailService.SendGrid\EmailService.SendGrid.csproj", "{6D08F4D0-4C9A-4B7F-92E0-09D609400C2C}"
EndProject
Project("{FAE04EC0-301F-11D3-BF4B-00C04F79EFBC}") = "EmailService.Smtp", "src\Modules\EmailService\EmailService.Smtp\EmailService.Smtp.csproj", "{72E722B3-FFD3-42FA-B243-BBE344F03F49}"
EndProject
Project("{2150E333-8FDC-42A3-9474-1A3956D46DE8}") = "FileStorage", "FileStorage", "{75BBB701-86E4-11CD-7151-6ADF65564A7B}"
EndProject
Project("{FAE04EC0-301F-11D3-BF4B-00C04F79EFBC}") = "FileStorage.AzureBlob", "src\Modules\FileStorage\FileStorage.AzureBlob\FileStorage.AzureBlob.csproj", "{F62C5AF3-F4A1-499A-81AC-A79405531B4F}"
EndProject
Project("{FAE04EC0-301F-11D3-BF4B-00C04F79EFBC}") = "FileStorage.Contracts", "src\Modules\FileStorage\FileStorage.Contracts\FileStorage.Contracts.csproj", "{FC3D7433-C50E-492F-A985-E463F31ECF4C}"
EndProject
Project("{FAE04EC0-301F-11D3-BF4B-00C04F79EFBC}") = "FileStorage.MongoGridFS", "src\Modules\FileStorage\FileStorage.MongoGridFS\FileStorage.MongoGridFS.csproj", "{DE265AAA-5094-40D0-9851-8FC6062E1FA4}"
EndProject
Project("{FAE04EC0-301F-11D3-BF4B-00C04F79EFBC}") = "Starter.Abstractions", "src\BuildingBlocks\Starter.Abstractions\Starter.Abstractions.csproj", "{15C74F69-617E-4500-9C12-27334D45A95A}"
EndProject
Project("{FAE04EC0-301F-11D3-BF4B-00C04F79EFBC}") = "Starter.Grpc.Contracts", "src\BuildingBlocks\Starter.Grpc.Contracts\Starter.Grpc.Contracts.csproj", "{B375B047-EF74-4C5A-AD66-FDAC5937D273}"
EndProject
Project("{FAE04EC0-301F-11D3-BF4B-00C04F79EFBC}") = "Starter.IntegrationEvents.Contracts", "src\BuildingBlocks\Starter.IntegrationEvents.Contracts\Starter.IntegrationEvents.Contracts.csproj", "{5CDCCBC5-F4F8-472D-A8EA-44DA01BA5D80}"
EndProject
Project("{FAE04EC0-301F-11D3-BF4B-00C04F79EFBC}") = "Starter.Security", "src\BuildingBlocks\Starter.Security\Starter.Security.csproj", "{AB5E2CBB-8610-44EE-9684-5DC245680103}"
EndProject
Project("{2150E333-8FDC-42A3-9474-1A3956D46DE8}") = "Services", "Services", "{5854FF58-B8C5-05C6-5BF2-ACE42193F22B}"
EndProject
Project("{2150E333-8FDC-42A3-9474-1A3956D46DE8}") = "Orders", "Orders", "{1C00F9DA-F33C-8627-D347-15FF6E4360B7}"
EndProject
Project("{FAE04EC0-301F-11D3-BF4B-00C04F79EFBC}") = "Orders.API", "src\Services\Orders\Orders.API\Orders.API.csproj", "{14808DFB-3607-4093-B242-6A0CF82AA9CA}"
EndProject
Project("{FAE04EC0-301F-11D3-BF4B-00C04F79EFBC}") = "Orders.Application", "src\Services\Orders\Orders.Application\Orders.Application.csproj", "{C0C5DA80-341E-4070-AC82-1F7F4B15965C}"
EndProject
Project("{FAE04EC0-301F-11D3-BF4B-00C04F79EFBC}") = "Orders.Persistence", "src\Services\Orders\Orders.Persistence\Orders.Persistence.csproj", "{F3E3A2C6-0E62-49CF-9C44-EDB047A445F5}"
EndProject
Project("{FAE04EC0-301F-11D3-BF4B-00C04F79EFBC}") = "Orders.Domain", "src\Services\Orders\Orders.Domain\Orders.Domain.csproj", "{F4EF9BD6-1966-4155-BE9D-8694F09FD3D7}"
EndProject
Project("{2150E333-8FDC-42A3-9474-1A3956D46DE8}") = "tools", "tools", "{07C2787E-EAC7-C090-1BA3-A61EC2A24D84}"
EndProject
Project("{FAE04EC0-301F-11D3-BF4B-00C04F79EFBC}") = "Starter.DevToken", "tools\Starter.DevToken\Starter.DevToken.csproj", "{D0295F13-B611-4BE6-B525-581904347B44}"
EndProject
Project("{2150E333-8FDC-42A3-9474-1A3956D46DE8}") = "tests", "tests", "{0AB3BF05-4346-4AA6-1389-037BE0695223}"
EndProject
Project("{FAE04EC0-301F-11D3-BF4B-00C04F79EFBC}") = "Orders.Domain.Tests", "tests\Orders.Domain.Tests\Orders.Domain.Tests.csproj", "{6F7D9E32-A978-4539-A563-60D7B47D4ABC}"
EndProject
Project("{2150E333-8FDC-42A3-9474-1A3956D46DE8}") = "ApiGateway", "ApiGateway", "{25D181DD-5CC9-F0B3-C64F-91E1AA77FD70}"
EndProject
Project("{FAE04EC0-301F-11D3-BF4B-00C04F79EFBC}") = "ApiGateway", "src\ApiGateway\ApiGateway.csproj", "{4EE03C3E-FBBA-4BFE-A710-2E85770585C8}"
EndProject
Global
	GlobalSection(SolutionConfigurationPlatforms) = preSolution
		Debug|Any CPU = Debug|Any CPU
		Debug|x64 = Debug|x64
		Debug|x86 = Debug|x86
		Release|Any CPU = Release|Any CPU
		Release|x64 = Release|x64
		Release|x86 = Release|x86
	EndGlobalSection
	GlobalSection(ProjectConfigurationPlatforms) = postSolution
		{93086B73-DE3C-43BD-9D03-3539D397569A}.Debug|Any CPU.ActiveCfg = Debug|Any CPU
		{93086B73-DE3C-43BD-9D03-3539D397569A}.Debug|Any CPU.Build.0 = Debug|Any CPU
		{93086B73-DE3C-43BD-9D03-3539D397569A}.Debug|x64.ActiveCfg = Debug|Any CPU
		{93086B73-DE3C-43BD-9D03-3539D397569A}.Debug|x64.Build.0 = Debug|Any CPU
		{93086B73-DE3C-43BD-9D03-3539D397569A}.Debug|x86.ActiveCfg = Debug|Any CPU
		{93086B73-DE3C-43BD-9D03-3539D397569A}.Debug|x86.Build.0 = Debug|Any CPU
		{93086B73-DE3C-43BD-9D03-3539D397569A}.Release|Any CPU.ActiveCfg = Release|Any CPU
		{93086B73-DE3C-43BD-9D03-3539D397569A}.Release|Any CPU.Build.0 = Release|Any CPU
		{93086B73-DE3C-43BD-9D03-3539D397569A}.Release|x64.ActiveCfg = Release|Any CPU
		{93086B73-DE3C-43BD-9D03-3539D397569A}.Release|x64.Build.0 = Release|Any CPU
		{93086B73-DE3C-43BD-9D03-3539D397569A}.Release|x86.ActiveCfg = Release|Any CPU
		{93086B73-DE3C-43BD-9D03-3539D397569A}.Release|x86.Build.0 = Release|Any CPU
		{59E306AA-D7EB-46F2-907A-A70AC07C7CE9}.Debug|Any CPU.ActiveCfg = Debug|Any CPU
		{59E306AA-D7EB-46F2-907A-A70AC07C7CE9}.Debug|Any CPU.Build.0 = Debug|Any CPU
		{59E306AA-D7EB-46F2-907A-A70AC07C7CE9}.Debug|x64.ActiveCfg = Debug|Any CPU
		{59E306AA-D7EB-46F2-907A-A70AC07C7CE9}.Debug|x64.Build.0 = Debug|Any CPU
		{59E306AA-D7EB-46F2-907A-A70AC07C7CE9}.Debug|x86.ActiveCfg = Debug|Any CPU
		{59E306AA-D7EB-46F2-907A-A70AC07C7CE9}.Debug|x86.Build.0 = Debug|Any CPU
		{59E306AA-D7EB-46F2-907A-A70AC07C7CE9}.Release|Any CPU.ActiveCfg = Release|Any CPU
		{59E306AA-D7EB-46F2-907A-A70AC07C7CE9}.Release|Any CPU.Build.0 = Release|Any CPU
		{59E306AA-D7EB-46F2-907A-A70AC07C7CE9}.Release|x64.ActiveCfg = Release|Any CPU
		{59E306AA-D7EB-46F2-907A-A70AC07C7CE9}.Release|x64.Build.0 = Release|Any CPU
		{59E306AA-D7EB-46F2-907A-A70AC07C7CE9}.Release|x86.ActiveCfg = Release|Any CPU
		{59E306AA-D7EB-46F2-907A-A70AC07C7CE9}.Release|x86.Build.0 = Release|Any CPU
		{014357A1-C970-4CA9-BC78-2C85BFD8848B}.Debug|Any CPU.ActiveCfg = Debug|Any CPU
		{014357A1-C970-4CA9-BC78-2C85BFD8848B}.Debug|Any CPU.Build.0 = Debug|Any CPU
		{014357A1-C970-4CA9-BC78-2C85BFD8848B}.Debug|x64.ActiveCfg = Debug|Any CPU
		{014357A1-C970-4CA9-BC78-2C85BFD8848B}.Debug|x64.Build.0 = Debug|Any CPU
		{014357A1-C970-4CA9-BC78-2C85BFD8848B}.Debug|x86.ActiveCfg = Debug|Any CPU
		{014357A1-C970-4CA9-BC78-2C85BFD8848B}.Debug|x86.Build.0 = Debug|Any CPU
		{014357A1-C970-4CA9-BC78-2C85BFD8848B}.Release|Any CPU.ActiveCfg = Release|Any CPU
		{014357A1-C970-4CA9-BC78-2C85BFD8848B}.Release|Any CPU.Build.0 = Release|Any CPU
		{014357A1-C970-4CA9-BC78-2C85BFD8848B}.Release|x64.ActiveCfg = Release|Any CPU
		{014357A1-C970-4CA9-BC78-2C85BFD8848B}.Release|x64.Build.0 = Release|Any CPU
		{014357A1-C970-4CA9-BC78-2C85BFD8848B}.Release|x86.ActiveCfg = Release|Any CPU
		{014357A1-C970-4CA9-BC78-2C85BFD8848B}.Release|x86.Build.0 = Release|Any CPU
		{624E6F5F-BDB1-4BBC-B725-5D1CF60A8A5A}.Debug|Any CPU.ActiveCfg = Debug|Any CPU
		{624E6F5F-BDB1-4BBC-B725-5D1CF60A8A5A}.Debug|Any CPU.Build.0 = Debug|Any CPU
		{624E6F5F-BDB1-4BBC-B725-5D1CF60A8A5A}.Debug|x64.ActiveCfg = Debug|Any CPU
		{624E6F5F-BDB1-4BBC-B725-5D1CF60A8A5A}.Debug|x64.Build.0 = Debug|Any CPU
		{624E6F5F-BDB1-4BBC-B725-5D1CF60A8A5A}.Debug|x86.ActiveCfg = Debug|Any CPU
		{624E6F5F-BDB1-4BBC-B725-5D1CF60A8A5A}.Debug|x86.Build.0 = Debug|Any CPU
		{624E6F5F-BDB1-4BBC-B725-5D1CF60A8A5A}.Release|Any CPU.ActiveCfg = Release|Any CPU
		{624E6F5F-BDB1-4BBC-B725-5D1CF60A8A5A}.Release|Any CPU.Build.0 = Release|Any CPU
		{624E6F5F-BDB1-4BBC-B725-5D1CF60A8A5A}.Release|x64.ActiveCfg = Release|Any CPU
		{624E6F5F-BDB1-4BBC-B725-5D1CF60A8A5A}.Release|x64.Build.0 = Release|Any CPU
		{624E6F5F-BDB1-4BBC-B725-5D1CF60A8A5A}.Release|x86.ActiveCfg = Release|Any CPU
		{624E6F5F-BDB1-4BBC-B725-5D1CF60A8A5A}.Release|x86.Build.0 = Release|Any CPU
		{8CD4CE0D-F538-40FA-8862-4F06339B71CE}.Debug|Any CPU.ActiveCfg = Debug|Any CPU
		{8CD4CE0D-F538-40FA-8862-4F06339B71CE}.Debug|Any CPU.Build.0 = Debug|Any CPU
		{8CD4CE0D-F538-40FA-8862-4F06339B71CE}.Debug|x64.ActiveCfg = Debug|Any CPU
		{8CD4CE0D-F538-40FA-8862-4F06339B71CE}.Debug|x64.Build.0 = Debug|Any CPU
		{8CD4CE0D-F538-40FA-8862-4F06339B71CE}.Debug|x86.ActiveCfg = Debug|Any CPU
		{8CD4CE0D-F538-40FA-8862-4F06339B71CE}.Debug|x86.Build.0 = Debug|Any CPU
		{8CD4CE0D-F538-40FA-8862-4F06339B71CE}.Release|Any CPU.ActiveCfg = Release|Any CPU
		{8CD4CE0D-F538-40FA-8862-4F06339B71CE}.Release|Any CPU.Build.0 = Release|Any CPU
		{8CD4CE0D-F538-40FA-8862-4F06339B71CE}.Release|x64.ActiveCfg = Release|Any CPU
		{8CD4CE0D-F538-40FA-8862-4F06339B71CE}.Release|x64.Build.0 = Release|Any CPU
		{8CD4CE0D-F538-40FA-8862-4F06339B71CE}.Release|x86.ActiveCfg = Release|Any CPU
		{8CD4CE0D-F538-40FA-8862-4F06339B71CE}.Release|x86.Build.0 = Release|Any CPU
		{02EE3AD0-F450-4571-B8DA-3D6899ED36C9}.Debug|Any CPU.ActiveCfg = Debug|Any CPU
		{02EE3AD0-F450-4571-B8DA-3D6899ED36C9}.Debug|Any CPU.Build.0 = Debug|Any CPU
		{02EE3AD0-F450-4571-B8DA-3D6899ED36C9}.Debug|x64.ActiveCfg = Debug|Any CPU
		{02EE3AD0-F450-4571-B8DA-3D6899ED36C9}.Debug|x64.Build.0 = Debug|Any CPU
		{02EE3AD0-F450-4571-B8DA-3D6899ED36C9}.Debug|x86.ActiveCfg = Debug|Any CPU
		{02EE3AD0-F450-4571-B8DA-3D6899ED36C9}.Debug|x86.Build.0 = Debug|Any CPU
		{02EE3AD0-F450-4571-B8DA-3D6899ED36C9}.Release|Any CPU.ActiveCfg = Release|Any CPU
		{02EE3AD0-F450-4571-B8DA-3D6899ED36C9}.Release|Any CPU.Build.0 = Release|Any CPU
		{02EE3AD0-F450-4571-B8DA-3D6899ED36C9}.Release|x64.ActiveCfg = Release|Any CPU
		{02EE3AD0-F450-4571-B8DA-3D6899ED36C9}.Release|x64.Build.0 = Release|Any CPU
		{02EE3AD0-F450-4571-B8DA-3D6899ED36C9}.Release|x86.ActiveCfg = Release|Any CPU
		{02EE3AD0-F450-4571-B8DA-3D6899ED36C9}.Release|x86.Build.0 = Release|Any CPU
		{52352302-5590-44D3-8C1C-45E76623DA4F}.Debug|Any CPU.ActiveCfg = Debug|Any CPU
		{52352302-5590-44D3-8C1C-45E76623DA4F}.Debug|Any CPU.Build.0 = Debug|Any CPU
		{52352302-5590-44D3-8C1C-45E76623DA4F}.Debug|x64.ActiveCfg = Debug|Any CPU
		{52352302-5590-44D3-8C1C-45E76623DA4F}.Debug|x64.Build.0 = Debug|Any CPU
		{52352302-5590-44D3-8C1C-45E76623DA4F}.Debug|x86.ActiveCfg = Debug|Any CPU
		{52352302-5590-44D3-8C1C-45E76623DA4F}.Debug|x86.Build.0 = Debug|Any CPU
		{52352302-5590-44D3-8C1C-45E76623DA4F}.Release|Any CPU.ActiveCfg = Release|Any CPU
		{52352302-5590-44D3-8C1C-45E76623DA4F}.Release|Any CPU.Build.0 = Release|Any CPU
		{52352302-5590-44D3-8C1C-45E76623DA4F}.Release|x64.ActiveCfg = Release|Any CPU
		{52352302-5590-44D3-8C1C-45E76623DA4F}.Release|x64.Build.0 = Release|Any CPU
		{52352302-5590-44D3-8C1C-45E76623DA4F}.Release|x86.ActiveCfg = Release|Any CPU
		{52352302-5590-44D3-8C1C-45E76623DA4F}.Release|x86.Build.0 = Release|Any CPU
		{F384D12E-68C4-455C-9CC1-9FA329FEC57C}.Debug|Any CPU.ActiveCfg = Debug|Any CPU
		{F384D12E-68C4-455C-9CC1-9FA329FEC57C}.Debug|Any CPU.Build.0 = Debug|Any CPU
		{F384D12E-68C4-455C-9CC1-9FA329FEC57C}.Debug|x64.ActiveCfg = Debug|Any CPU
		{F384D12E-68C4-455C-9CC1-9FA329FEC57C}.Debug|x64.Build.0 = Debug|Any CPU
		{F384D12E-68C4-455C-9CC1-9FA329FEC57C}.Debug|x86.ActiveCfg = Debug|Any CPU
		{F384D12E-68C4-455C-9CC1-9FA329FEC57C}.Debug|x86.Build.0 = Debug|Any CPU
		{F384D12E-68C4-455C-9CC1-9FA329FEC57C}.Release|Any CPU.ActiveCfg = Release|Any CPU
		{F384D12E-68C4-455C-9CC1-9FA329FEC57C}.Release|Any CPU.Build.0 = Release|Any CPU
		{F384D12E-68C4-455C-9CC1-9FA329FEC57C}.Release|x64.ActiveCfg = Release|Any CPU
		{F384D12E-68C4-455C-9CC1-9FA329FEC57C}.Release|x64.Build.0 = Release|Any CPU
		{F384D12E-68C4-455C-9CC1-9FA329FEC57C}.Release|x86.ActiveCfg = Release|Any CPU
		{F384D12E-68C4-455C-9CC1-9FA329FEC57C}.Release|x86.Build.0 = Release|Any CPU
		{90B3A22A-D91E-4EE6-82CE-4C05195B3DB9}.Debug|Any CPU.ActiveCfg = Debug|Any CPU
		{90B3A22A-D91E-4EE6-82CE-4C05195B3DB9}.Debug|Any CPU.Build.0 = Debug|Any CPU
		{90B3A22A-D91E-4EE6-82CE-4C05195B3DB9}.Debug|x64.ActiveCfg = Debug|Any CPU
		{90B3A22A-D91E-4EE6-82CE-4C05195B3DB9}.Debug|x64.Build.0 = Debug|Any CPU
		{90B3A22A-D91E-4EE6-82CE-4C05195B3DB9}.Debug|x86.ActiveCfg = Debug|Any CPU
		{90B3A22A-D91E-4EE6-82CE-4C05195B3DB9}.Debug|x86.Build.0 = Debug|Any CPU
		{90B3A22A-D91E-4EE6-82CE-4C05195B3DB9}.Release|Any CPU.ActiveCfg = Release|Any CPU
		{90B3A22A-D91E-4EE6-82CE-4C05195B3DB9}.Release|Any CPU.Build.0 = Release|Any CPU
		{90B3A22A-D91E-4EE6-82CE-4C05195B3DB9}.Release|x64.ActiveCfg = Release|Any CPU
		{90B3A22A-D91E-4EE6-82CE-4C05195B3DB9}.Release|x64.Build.0 = Release|Any CPU
		{90B3A22A-D91E-4EE6-82CE-4C05195B3DB9}.Release|x86.ActiveCfg = Release|Any CPU
		{90B3A22A-D91E-4EE6-82CE-4C05195B3DB9}.Release|x86.Build.0 = Release|Any CPU
		{BE001124-5CD1-45C8-8A1C-8AFDE5F413B8}.Debug|Any CPU.ActiveCfg = Debug|Any CPU
		{BE001124-5CD1-45C8-8A1C-8AFDE5F413B8}.Debug|Any CPU.Build.0 = Debug|Any CPU
		{BE001124-5CD1-45C8-8A1C-8AFDE5F413B8}.Debug|x64.ActiveCfg = Debug|Any CPU
		{BE001124-5CD1-45C8-8A1C-8AFDE5F413B8}.Debug|x64.Build.0 = Debug|Any CPU
		{BE001124-5CD1-45C8-8A1C-8AFDE5F413B8}.Debug|x86.ActiveCfg = Debug|Any CPU
		{BE001124-5CD1-45C8-8A1C-8AFDE5F413B8}.Debug|x86.Build.0 = Debug|Any CPU
		{BE001124-5CD1-45C8-8A1C-8AFDE5F413B8}.Release|Any CPU.ActiveCfg = Release|Any CPU
		{BE001124-5CD1-45C8-8A1C-8AFDE5F413B8}.Release|Any CPU.Build.0 = Release|Any CPU
		{BE001124-5CD1-45C8-8A1C-8AFDE5F413B8}.Release|x64.ActiveCfg = Release|Any CPU
		{BE001124-5CD1-45C8-8A1C-8AFDE5F413B8}.Release|x64.Build.0 = Release|Any CPU
		{BE001124-5CD1-45C8-8A1C-8AFDE5F413B8}.Release|x86.ActiveCfg = Release|Any CPU
		{BE001124-5CD1-45C8-8A1C-8AFDE5F413B8}.Release|x86.Build.0 = Release|Any CPU
		{6B4D7F8E-ACDD-4A5B-95D7-B8F2C892452A}.Debug|Any CPU.ActiveCfg = Debug|Any CPU
		{6B4D7F8E-ACDD-4A5B-95D7-B8F2C892452A}.Debug|Any CPU.Build.0 = Debug|Any CPU
		{6B4D7F8E-ACDD-4A5B-95D7-B8F2C892452A}.Debug|x64.ActiveCfg = Debug|Any CPU
		{6B4D7F8E-ACDD-4A5B-95D7-B8F2C892452A}.Debug|x64.Build.0 = Debug|Any CPU
		{6B4D7F8E-ACDD-4A5B-95D7-B8F2C892452A}.Debug|x86.ActiveCfg = Debug|Any CPU
		{6B4D7F8E-ACDD-4A5B-95D7-B8F2C892452A}.Debug|x86.Build.0 = Debug|Any CPU
		{6B4D7F8E-ACDD-4A5B-95D7-B8F2C892452A}.Release|Any CPU.ActiveCfg = Release|Any CPU
		{6B4D7F8E-ACDD-4A5B-95D7-B8F2C892452A}.Release|Any CPU.Build.0 = Release|Any CPU
		{6B4D7F8E-ACDD-4A5B-95D7-B8F2C892452A}.Release|x64.ActiveCfg = Release|Any CPU
		{6B4D7F8E-ACDD-4A5B-95D7-B8F2C892452A}.Release|x64.Build.0 = Release|Any CPU
		{6B4D7F8E-ACDD-4A5B-95D7-B8F2C892452A}.Release|x86.ActiveCfg = Release|Any CPU
		{6B4D7F8E-ACDD-4A5B-95D7-B8F2C892452A}.Release|x86.Build.0 = Release|Any CPU
		{D419B3A0-1AFE-4B0E-BB4F-04437B34CEC2}.Debug|Any CPU.ActiveCfg = Debug|Any CPU
		{D419B3A0-1AFE-4B0E-BB4F-04437B34CEC2}.Debug|Any CPU.Build.0 = Debug|Any CPU
		{D419B3A0-1AFE-4B0E-BB4F-04437B34CEC2}.Debug|x64.ActiveCfg = Debug|Any CPU
		{D419B3A0-1AFE-4B0E-BB4F-04437B34CEC2}.Debug|x64.Build.0 = Debug|Any CPU
		{D419B3A0-1AFE-4B0E-BB4F-04437B34CEC2}.Debug|x86.ActiveCfg = Debug|Any CPU
		{D419B3A0-1AFE-4B0E-BB4F-04437B34CEC2}.Debug|x86.Build.0 = Debug|Any CPU
		{D419B3A0-1AFE-4B0E-BB4F-04437B34CEC2}.Release|Any CPU.ActiveCfg = Release|Any CPU
		{D419B3A0-1AFE-4B0E-BB4F-04437B34CEC2}.Release|Any CPU.Build.0 = Release|Any CPU
		{D419B3A0-1AFE-4B0E-BB4F-04437B34CEC2}.Release|x64.ActiveCfg = Release|Any CPU
		{D419B3A0-1AFE-4B0E-BB4F-04437B34CEC2}.Release|x64.Build.0 = Release|Any CPU
		{D419B3A0-1AFE-4B0E-BB4F-04437B34CEC2}.Release|x86.ActiveCfg = Release|Any CPU
		{D419B3A0-1AFE-4B0E-BB4F-04437B34CEC2}.Release|x86.Build.0 = Release|Any CPU
		{9D5E5F8E-D4DB-46D3-9502-CE143422D5F9}.Debug|Any CPU.ActiveCfg = Debug|Any CPU
		{9D5E5F8E-D4DB-46D3-9502-CE143422D5F9}.Debug|Any CPU.Build.0 = Debug|Any CPU
		{9D5E5F8E-D4DB-46D3-9502-CE143422D5F9}.Debug|x64.ActiveCfg = Debug|Any CPU
		{9D5E5F8E-D4DB-46D3-9502-CE143422D5F9}.Debug|x64.Build.0 = Debug|Any CPU
		{9D5E5F8E-D4DB-46D3-9502-CE143422D5F9}.Debug|x86.ActiveCfg = Debug|Any CPU
		{9D5E5F8E-D4DB-46D3-9502-CE143422D5F9}.Debug|x86.Build.0 = Debug|Any CPU
		{9D5E5F8E-D4DB-46D3-9502-CE143422D5F9}.Release|Any CPU.ActiveCfg = Release|Any CPU
		{9D5E5F8E-D4DB-46D3-9502-CE143422D5F9}.Release|Any CPU.Build.0 = Release|Any CPU
		{9D5E5F8E-D4DB-46D3-9502-CE143422D5F9}.Release|x64.ActiveCfg = Release|Any CPU
		{9D5E5F8E-D4DB-46D3-9502-CE143422D5F9}.Release|x64.Build.0 = Release|Any CPU
		{9D5E5F8E-D4DB-46D3-9502-CE143422D5F9}.Release|x86.ActiveCfg = Release|Any CPU
		{9D5E5F8E-D4DB-46D3-9502-CE143422D5F9}.Release|x86.Build.0 = Release|Any CPU
		{6D08F4D0-4C9A-4B7F-92E0-09D609400C2C}.Debug|Any CPU.ActiveCfg = Debug|Any CPU
		{6D08F4D0-4C9A-4B7F-92E0-09D609400C2C}.Debug|Any CPU.Build.0 = Debug|Any CPU
		{6D08F4D0-4C9A-4B7F-92E0-09D609400C2C}.Debug|x64.ActiveCfg = Debug|Any CPU
		{6D08F4D0-4C9A-4B7F-92E0-09D609400C2C}.Debug|x64.Build.0 = Debug|Any CPU
		{6D08F4D0-4C9A-4B7F-92E0-09D609400C2C}.Debug|x86.ActiveCfg = Debug|Any CPU
		{6D08F4D0-4C9A-4B7F-92E0-09D609400C2C}.Debug|x86.Build.0 = Debug|Any CPU
		{6D08F4D0-4C9A-4B7F-92E0-09D609400C2C}.Release|Any CPU.ActiveCfg = Release|Any CPU
		{6D08F4D0-4C9A-4B7F-92E0-09D609400C2C}.Release|Any CPU.Build.0 = Release|Any CPU
		{6D08F4D0-4C9A-4B7F-92E0-09D609400C2C}.Release|x64.ActiveCfg = Release|Any CPU
		{6D08F4D0-4C9A-4B7F-92E0-09D609400C2C}.Release|x64.Build.0 = Release|Any CPU
		{6D08F4D0-4C9A-4B7F-92E0-09D609400C2C}.Release|x86.ActiveCfg = Release|Any CPU
		{6D08F4D0-4C9A-4B7F-92E0-09D609400C2C}.Release|x86.Build.0 = Release|Any CPU
		{72E722B3-FFD3-42FA-B243-BBE344F03F49}.Debug|Any CPU.ActiveCfg = Debug|Any CPU
		{72E722B3-FFD3-42FA-B243-BBE344F03F49}.Debug|Any CPU.Build.0 = Debug|Any CPU
		{72E722B3-FFD3-42FA-B243-BBE344F03F49}.Debug|x64.ActiveCfg = Debug|Any CPU
		{72E722B3-FFD3-42FA-B243-BBE344F03F49}.Debug|x64.Build.0 = Debug|Any CPU
		{72E722B3-FFD3-42FA-B243-BBE344F03F49}.Debug|x86.ActiveCfg = Debug|Any CPU
		{72E722B3-FFD3-42FA-B243-BBE344F03F49}.Debug|x86.Build.0 = Debug|Any CPU
		{72E722B3-FFD3-42FA-B243-BBE344F03F49}.Release|Any CPU.ActiveCfg = Release|Any CPU
		{72E722B3-FFD3-42FA-B243-BBE344F03F49}.Release|Any CPU.Build.0 = Release|Any CPU
		{72E722B3-FFD3-42FA-B243-BBE344F03F49}.Release|x64.ActiveCfg = Release|Any CPU
		{72E722B3-FFD3-42FA-B243-BBE344F03F49}.Release|x64.Build.0 = Release|Any CPU
		{72E722B3-FFD3-42FA-B243-BBE344F03F49}.Release|x86.ActiveCfg = Release|Any CPU
		{72E722B3-FFD3-42FA-B243-BBE344F03F49}.Release|x86.Build.0 = Release|Any CPU
		{F62C5AF3-F4A1-499A-81AC-A79405531B4F}.Debug|Any CPU.ActiveCfg = Debug|Any CPU
		{F62C5AF3-F4A1-499A-81AC-A79405531B4F}.Debug|Any CPU.Build.0 = Debug|Any CPU
		{F62C5AF3-F4A1-499A-81AC-A79405531B4F}.Debug|x64.ActiveCfg = Debug|Any CPU
		{F62C5AF3-F4A1-499A-81AC-A79405531B4F}.Debug|x64.Build.0 = Debug|Any CPU
		{F62C5AF3-F4A1-499A-81AC-A79405531B4F}.Debug|x86.ActiveCfg = Debug|Any CPU
		{F62C5AF3-F4A1-499A-81AC-A79405531B4F}.Debug|x86.Build.0 = Debug|Any CPU
		{F62C5AF3-F4A1-499A-81AC-A79405531B4F}.Release|Any CPU.ActiveCfg = Release|Any CPU
		{F62C5AF3-F4A1-499A-81AC-A79405531B4F}.Release|Any CPU.Build.0 = Release|Any CPU
		{F62C5AF3-F4A1-499A-81AC-A79405531B4F}.Release|x64.ActiveCfg = Release|Any CPU
		{F62C5AF3-F4A1-499A-81AC-A79405531B4F}.Release|x64.Build.0 = Release|Any CPU
		{F62C5AF3-F4A1-499A-81AC-A79405531B4F}.Release|x86.ActiveCfg = Release|Any CPU
		{F62C5AF3-F4A1-499A-81AC-A79405531B4F}.Release|x86.Build.0 = Release|Any CPU
		{FC3D7433-C50E-492F-A985-E463F31ECF4C}.Debug|Any CPU.ActiveCfg = Debug|Any CPU
		{FC3D7433-C50E-492F-A985-E463F31ECF4C}.Debug|Any CPU.Build.0 = Debug|Any CPU
		{FC3D7433-C50E-492F-A985-E463F31ECF4C}.Debug|x64.ActiveCfg = Debug|Any CPU
		{FC3D7433-C50E-492F-A985-E463F31ECF4C}.Debug|x64.Build.0 = Debug|Any CPU
		{FC3D7433-C50E-492F-A985-E463F31ECF4C}.Debug|x86.ActiveCfg = Debug|Any CPU
		{FC3D7433-C50E-492F-A985-E463F31ECF4C}.Debug|x86.Build.0 = Debug|Any CPU
		{FC3D7433-C50E-492F-A985-E463F31ECF4C}.Release|Any CPU.ActiveCfg = Release|Any CPU
		{FC3D7433-C50E-492F-A985-E463F31ECF4C}.Release|Any CPU.Build.0 = Release|Any CPU
		{FC3D7433-C50E-492F-A985-E463F31ECF4C}.Release|x64.ActiveCfg = Release|Any CPU
		{FC3D7433-C50E-492F-A985-E463F31ECF4C}.Release|x64.Build.0 = Release|Any CPU
		{FC3D7433-C50E-492F-A985-E463F31ECF4C}.Release|x86.ActiveCfg = Release|Any CPU
		{FC3D7433-C50E-492F-A985-E463F31ECF4C}.Release|x86.Build.0 = Release|Any CPU
		{DE265AAA-5094-40D0-9851-8FC6062E1FA4}.Debug|Any CPU.ActiveCfg = Debug|Any CPU
		{DE265AAA-5094-40D0-9851-8FC6062E1FA4}.Debug|Any CPU.Build.0 = Debug|Any CPU
		{DE265AAA-5094-40D0-9851-8FC6062E1FA4}.Debug|x64.ActiveCfg = Debug|Any CPU
		{DE265AAA-5094-40D0-9851-8FC6062E1FA4}.Debug|x64.Build.0 = Debug|Any CPU
		{DE265AAA-5094-40D0-9851-8FC6062E1FA4}.Debug|x86.ActiveCfg = Debug|Any CPU
		{DE265AAA-5094-40D0-9851-8FC6062E1FA4}.Debug|x86.Build.0 = Debug|Any CPU
		{DE265AAA-5094-40D0-9851-8FC6062E1FA4}.Release|Any CPU.ActiveCfg = Release|Any CPU
		{DE265AAA-5094-40D0-9851-8FC6062E1FA4}.Release|Any CPU.Build.0 = Release|Any CPU
		{DE265AAA-5094-40D0-9851-8FC6062E1FA4}.Release|x64.ActiveCfg = Release|Any CPU
		{DE265AAA-5094-40D0-9851-8FC6062E1FA4}.Release|x64.Build.0 = Release|Any CPU
		{DE265AAA-5094-40D0-9851-8FC6062E1FA4}.Release|x86.ActiveCfg = Release|Any CPU
		{DE265AAA-5094-40D0-9851-8FC6062E1FA4}.Release|x86.Build.0 = Release|Any CPU
		{15C74F69-617E-4500-9C12-27334D45A95A}.Debug|Any CPU.ActiveCfg = Debug|Any CPU
		{15C74F69-617E-4500-9C12-27334D45A95A}.Debug|Any CPU.Build.0 = Debug|Any CPU
		{15C74F69-617E-4500-9C12-27334D45A95A}.Debug|x64.ActiveCfg = Debug|Any CPU
		{15C74F69-617E-4500-9C12-27334D45A95A}.Debug|x64.Build.0 = Debug|Any CPU
		{15C74F69-617E-4500-9C12-27334D45A95A}.Debug|x86.ActiveCfg = Debug|Any CPU
		{15C74F69-617E-4500-9C12-27334D45A95A}.Debug|x86.Build.0 = Debug|Any CPU
		{15C74F69-617E-4500-9C12-27334D45A95A}.Release|Any CPU.ActiveCfg = Release|Any CPU
		{15C74F69-617E-4500-9C12-27334D45A95A}.Release|Any CPU.Build.0 = Release|Any CPU
		{15C74F69-617E-4500-9C12-27334D45A95A}.Release|x64.ActiveCfg = Release|Any CPU
		{15C74F69-617E-4500-9C12-27334D45A95A}.Release|x64.Build.0 = Release|Any CPU
		{15C74F69-617E-4500-9C12-27334D45A95A}.Release|x86.ActiveCfg = Release|Any CPU
		{15C74F69-617E-4500-9C12-27334D45A95A}.Release|x86.Build.0 = Release|Any CPU
		{B375B047-EF74-4C5A-AD66-FDAC5937D273}.Debug|Any CPU.ActiveCfg = Debug|Any CPU
		{B375B047-EF74-4C5A-AD66-FDAC5937D273}.Debug|Any CPU.Build.0 = Debug|Any CPU
		{B375B047-EF74-4C5A-AD66-FDAC5937D273}.Debug|x64.ActiveCfg = Debug|Any CPU
		{B375B047-EF74-4C5A-AD66-FDAC5937D273}.Debug|x64.Build.0 = Debug|Any CPU
		{B375B047-EF74-4C5A-AD66-FDAC5937D273}.Debug|x86.ActiveCfg = Debug|Any CPU
		{B375B047-EF74-4C5A-AD66-FDAC5937D273}.Debug|x86.Build.0 = Debug|Any CPU
		{B375B047-EF74-4C5A-AD66-FDAC5937D273}.Release|Any CPU.ActiveCfg = Release|Any CPU
		{B375B047-EF74-4C5A-AD66-FDAC5937D273}.Release|Any CPU.Build.0 = Release|Any CPU
		{B375B047-EF74-4C5A-AD66-FDAC5937D273}.Release|x64.ActiveCfg = Release|Any CPU
		{B375B047-EF74-4C5A-AD66-FDAC5937D273}.Release|x64.Build.0 = Release|Any CPU
		{B375B047-EF74-4C5A-AD66-FDAC5937D273}.Release|x86.ActiveCfg = Release|Any CPU
		{B375B047-EF74-4C5A-AD66-FDAC5937D273}.Release|x86.Build.0 = Release|Any CPU
		{5CDCCBC5-F4F8-472D-A8EA-44DA01BA5D80}.Debug|Any CPU.ActiveCfg = Debug|Any CPU
		{5CDCCBC5-F4F8-472D-A8EA-44DA01BA5D80}.Debug|Any CPU.Build.0 = Debug|Any CPU
		{5CDCCBC5-F4F8-472D-A8EA-44DA01BA5D80}.Debug|x64.ActiveCfg = Debug|Any CPU
		{5CDCCBC5-F4F8-472D-A8EA-44DA01BA5D80}.Debug|x64.Build.0 = Debug|Any CPU
		{5CDCCBC5-F4F8-472D-A8EA-44DA01BA5D80}.Debug|x86.ActiveCfg = Debug|Any CPU
		{5CDCCBC5-F4F8-472D-A8EA-44DA01BA5D80}.Debug|x86.Build.0 = Debug|Any CPU
		{5CDCCBC5-F4F8-472D-A8EA-44DA01BA5D80}.Release|Any CPU.ActiveCfg = Release|Any CPU
		{5CDCCBC5-F4F8-472D-A8EA-44DA01BA5D80}.Release|Any CPU.Build.0 = Release|Any CPU
		{5CDCCBC5-F4F8-472D-A8EA-44DA01BA5D80}.Release|x64.ActiveCfg = Release|Any CPU
		{5CDCCBC5-F4F8-472D-A8EA-44DA01BA5D80}.Release|x64.Build.0 = Release|Any CPU
		{5CDCCBC5-F4F8-472D-A8EA-44DA01BA5D80}.Release|x86.ActiveCfg = Release|Any CPU
		{5CDCCBC5-F4F8-472D-A8EA-44DA01BA5D80}.Release|x86.Build.0 = Release|Any CPU
		{AB5E2CBB-8610-44EE-9684-5DC245680103}.Debug|Any CPU.ActiveCfg = Debug|Any CPU
		{AB5E2CBB-8610-44EE-9684-5DC245680103}.Debug|Any CPU.Build.0 = Debug|Any CPU
		{AB5E2CBB-8610-44EE-9684-5DC245680103}.Debug|x64.ActiveCfg = Debug|Any CPU
		{AB5E2CBB-8610-44EE-9684-5DC245680103}.Debug|x64.Build.0 = Debug|Any CPU
		{AB5E2CBB-8610-44EE-9684-5DC245680103}.Debug|x86.ActiveCfg = Debug|Any CPU
		{AB5E2CBB-8610-44EE-9684-5DC245680103}.Debug|x86.Build.0 = Debug|Any CPU
		{AB5E2CBB-8610-44EE-9684-5DC245680103}.Release|Any CPU.ActiveCfg = Release|Any CPU
		{AB5E2CBB-8610-44EE-9684-5DC245680103}.Release|Any CPU.Build.0 = Release|Any CPU
		{AB5E2CBB-8610-44EE-9684-5DC245680103}.Release|x64.ActiveCfg = Release|Any CPU
		{AB5E2CBB-8610-44EE-9684-5DC245680103}.Release|x64.Build.0 = Release|Any CPU
		{AB5E2CBB-8610-44EE-9684-5DC245680103}.Release|x86.ActiveCfg = Release|Any CPU
		{AB5E2CBB-8610-44EE-9684-5DC245680103}.Release|x86.Build.0 = Release|Any CPU
		{14808DFB-3607-4093-B242-6A0CF82AA9CA}.Debug|Any CPU.ActiveCfg = Debug|Any CPU
		{14808DFB-3607-4093-B242-6A0CF82AA9CA}.Debug|Any CPU.Build.0 = Debug|Any CPU
		{14808DFB-3607-4093-B242-6A0CF82AA9CA}.Debug|x64.ActiveCfg = Debug|Any CPU
		{14808DFB-3607-4093-B242-6A0CF82AA9CA}.Debug|x64.Build.0 = Debug|Any CPU
		{14808DFB-3607-4093-B242-6A0CF82AA9CA}.Debug|x86.ActiveCfg = Debug|Any CPU
		{14808DFB-3607-4093-B242-6A0CF82AA9CA}.Debug|x86.Build.0 = Debug|Any CPU
		{14808DFB-3607-4093-B242-6A0CF82AA9CA}.Release|Any CPU.ActiveCfg = Release|Any CPU
		{14808DFB-3607-4093-B242-6A0CF82AA9CA}.Release|Any CPU.Build.0 = Release|Any CPU
		{14808DFB-3607-4093-B242-6A0CF82AA9CA}.Release|x64.ActiveCfg = Release|Any CPU
		{14808DFB-3607-4093-B242-6A0CF82AA9CA}.Release|x64.Build.0 = Release|Any CPU
		{14808DFB-3607-4093-B242-6A0CF82AA9CA}.Release|x86.ActiveCfg = Release|Any CPU
		{14808DFB-3607-4093-B242-6A0CF82AA9CA}.Release|x86.Build.0 = Release|Any CPU
		{C0C5DA80-341E-4070-AC82-1F7F4B15965C}.Debug|Any CPU.ActiveCfg = Debug|Any CPU
		{C0C5DA80-341E-4070-AC82-1F7F4B15965C}.Debug|Any CPU.Build.0 = Debug|Any CPU
		{C0C5DA80-341E-4070-AC82-1F7F4B15965C}.Debug|x64.ActiveCfg = Debug|Any CPU
		{C0C5DA80-341E-4070-AC82-1F7F4B15965C}.Debug|x64.Build.0 = Debug|Any CPU
		{C0C5DA80-341E-4070-AC82-1F7F4B15965C}.Debug|x86.ActiveCfg = Debug|Any CPU
		{C0C5DA80-341E-4070-AC82-1F7F4B15965C}.Debug|x86.Build.0 = Debug|Any CPU
		{C0C5DA80-341E-4070-AC82-1F7F4B15965C}.Release|Any CPU.ActiveCfg = Release|Any CPU
		{C0C5DA80-341E-4070-AC82-1F7F4B15965C}.Release|Any CPU.Build.0 = Release|Any CPU
		{C0C5DA80-341E-4070-AC82-1F7F4B15965C}.Release|x64.ActiveCfg = Release|Any CPU
		{C0C5DA80-341E-4070-AC82-1F7F4B15965C}.Release|x64.Build.0 = Release|Any CPU
		{C0C5DA80-341E-4070-AC82-1F7F4B15965C}.Release|x86.ActiveCfg = Release|Any CPU
		{C0C5DA80-341E-4070-AC82-1F7F4B15965C}.Release|x86.Build.0 = Release|Any CPU
		{F3E3A2C6-0E62-49CF-9C44-EDB047A445F5}.Debug|Any CPU.ActiveCfg = Debug|Any CPU
		{F3E3A2C6-0E62-49CF-9C44-EDB047A445F5}.Debug|Any CPU.Build.0 = Debug|Any CPU
		{F3E3A2C6-0E62-49CF-9C44-EDB047A445F5}.Debug|x64.ActiveCfg = Debug|Any CPU
		{F3E3A2C6-0E62-49CF-9C44-EDB047A445F5}.Debug|x64.Build.0 = Debug|Any CPU
		{F3E3A2C6-0E62-49CF-9C44-EDB047A445F5}.Debug|x86.ActiveCfg = Debug|Any CPU
		{F3E3A2C6-0E62-49CF-9C44-EDB047A445F5}.Debug|x86.Build.0 = Debug|Any CPU
		{F3E3A2C6-0E62-49CF-9C44-EDB047A445F5}.Release|Any CPU.ActiveCfg = Release|Any CPU
		{F3E3A2C6-0E62-49CF-9C44-EDB047A445F5}.Release|Any CPU.Build.0 = Release|Any CPU
		{F3E3A2C6-0E62-49CF-9C44-EDB047A445F5}.Release|x64.ActiveCfg = Release|Any CPU
		{F3E3A2C6-0E62-49CF-9C44-EDB047A445F5}.Release|x64.Build.0 = Release|Any CPU
		{F3E3A2C6-0E62-49CF-9C44-EDB047A445F5}.Release|x86.ActiveCfg = Release|Any CPU
		{F3E3A2C6-0E62-49CF-9C44-EDB047A445F5}.Release|x86.Build.0 = Release|Any CPU
		{F4EF9BD6-1966-4155-BE9D-8694F09FD3D7}.Debug|Any CPU.ActiveCfg = Debug|Any CPU
		{F4EF9BD6-1966-4155-BE9D-8694F09FD3D7}.Debug|Any CPU.Build.0 = Debug|Any CPU
		{F4EF9BD6-1966-4155-BE9D-8694F09FD3D7}.Debug|x64.ActiveCfg = Debug|Any CPU
		{F4EF9BD6-1966-4155-BE9D-8694F09FD3D7}.Debug|x64.Build.0 = Debug|Any CPU
		{F4EF9BD6-1966-4155-BE9D-8694F09FD3D7}.Debug|x86.ActiveCfg = Debug|Any CPU
		{F4EF9BD6-1966-4155-BE9D-8694F09FD3D7}.Debug|x86.Build.0 = Debug|Any CPU
		{F4EF9BD6-1966-4155-BE9D-8694F09FD3D7}.Release|Any CPU.ActiveCfg = Release|Any CPU
		{F4EF9BD6-1966-4155-BE9D-8694F09FD3D7}.Release|Any CPU.Build.0 = Release|Any CPU
		{F4EF9BD6-1966-4155-BE9D-8694F09FD3D7}.Release|x64.ActiveCfg = Release|Any CPU
		{F4EF9BD6-1966-4155-BE9D-8694F09FD3D7}.Release|x64.Build.0 = Release|Any CPU
		{F4EF9BD6-1966-4155-BE9D-8694F09FD3D7}.Release|x86.ActiveCfg = Release|Any CPU
		{F4EF9BD6-1966-4155-BE9D-8694F09FD3D7}.Release|x86.Build.0 = Release|Any CPU
		{D0295F13-B611-4BE6-B525-581904347B44}.Debug|Any CPU.ActiveCfg = Debug|Any CPU
		{D0295F13-B611-4BE6-B525-581904347B44}.Debug|Any CPU.Build.0 = Debug|Any CPU
		{D0295F13-B611-4BE6-B525-581904347B44}.Debug|x64.ActiveCfg = Debug|Any CPU
		{D0295F13-B611-4BE6-B525-581904347B44}.Debug|x64.Build.0 = Debug|Any CPU
		{D0295F13-B611-4BE6-B525-581904347B44}.Debug|x86.ActiveCfg = Debug|Any CPU
		{D0295F13-B611-4BE6-B525-581904347B44}.Debug|x86.Build.0 = Debug|Any CPU
		{D0295F13-B611-4BE6-B525-581904347B44}.Release|Any CPU.ActiveCfg = Release|Any CPU
		{D0295F13-B611-4BE6-B525-581904347B44}.Release|Any CPU.Build.0 = Release|Any CPU
		{D0295F13-B611-4BE6-B525-581904347B44}.Release|x64.ActiveCfg = Release|Any CPU
		{D0295F13-B611-4BE6-B525-581904347B44}.Release|x64.Build.0 = Release|Any CPU
		{D0295F13-B611-4BE6-B525-581904347B44}.Release|x86.ActiveCfg = Release|Any CPU
		{D0295F13-B611-4BE6-B525-581904347B44}.Release|x86.Build.0 = Release|Any CPU
		{6F7D9E32-A978-4539-A563-60D7B47D4ABC}.Debug|Any CPU.ActiveCfg = Debug|Any CPU
		{6F7D9E32-A978-4539-A563-60D7B47D4ABC}.Debug|Any CPU.Build.0 = Debug|Any CPU
		{6F7D9E32-A978-4539-A563-60D7B47D4ABC}.Debug|x64.ActiveCfg = Debug|Any CPU
		{6F7D9E32-A978-4539-A563-60D7B47D4ABC}.Debug|x64.Build.0 = Debug|Any CPU
		{6F7D9E32-A978-4539-A563-60D7B47D4ABC}.Debug|x86.ActiveCfg = Debug|Any CPU
		{6F7D9E32-A978-4539-A563-60D7B47D4ABC}.Debug|x86.Build.0 = Debug|Any CPU
		{6F7D9E32-A978-4539-A563-60D7B47D4ABC}.Release|Any CPU.ActiveCfg = Release|Any CPU
		{6F7D9E32-A978-4539-A563-60D7B47D4ABC}.Release|Any CPU.Build.0 = Release|Any CPU
		{6F7D9E32-A978-4539-A563-60D7B47D4ABC}.Release|x64.ActiveCfg = Release|Any CPU
		{6F7D9E32-A978-4539-A563-60D7B47D4ABC}.Release|x64.Build.0 = Release|Any CPU
		{6F7D9E32-A978-4539-A563-60D7B47D4ABC}.Release|x86.ActiveCfg = Release|Any CPU
		{6F7D9E32-A978-4539-A563-60D7B47D4ABC}.Release|x86.Build.0 = Release|Any CPU
		{4EE03C3E-FBBA-4BFE-A710-2E85770585C8}.Debug|Any CPU.ActiveCfg = Debug|Any CPU
		{4EE03C3E-FBBA-4BFE-A710-2E85770585C8}.Debug|Any CPU.Build.0 = Debug|Any CPU
		{4EE03C3E-FBBA-4BFE-A710-2E85770585C8}.Debug|x64.ActiveCfg = Debug|Any CPU
		{4EE03C3E-FBBA-4BFE-A710-2E85770585C8}.Debug|x64.Build.0 = Debug|Any CPU
		{4EE03C3E-FBBA-4BFE-A710-2E85770585C8}.Debug|x86.ActiveCfg = Debug|Any CPU
		{4EE03C3E-FBBA-4BFE-A710-2E85770585C8}.Debug|x86.Build.0 = Debug|Any CPU
		{4EE03C3E-FBBA-4BFE-A710-2E85770585C8}.Release|Any CPU.ActiveCfg = Release|Any CPU
		{4EE03C3E-FBBA-4BFE-A710-2E85770585C8}.Release|Any CPU.Build.0 = Release|Any CPU
		{4EE03C3E-FBBA-4BFE-A710-2E85770585C8}.Release|x64.ActiveCfg = Release|Any CPU
		{4EE03C3E-FBBA-4BFE-A710-2E85770585C8}.Release|x64.Build.0 = Release|Any CPU
		{4EE03C3E-FBBA-4BFE-A710-2E85770585C8}.Release|x86.ActiveCfg = Release|Any CPU
		{4EE03C3E-FBBA-4BFE-A710-2E85770585C8}.Release|x86.Build.0 = Release|Any CPU
	EndGlobalSection
	GlobalSection(SolutionProperties) = preSolution
		HideSolutionNode = FALSE
	EndGlobalSection
	GlobalSection(NestedProjects) = preSolution
		{93086B73-DE3C-43BD-9D03-3539D397569A} = {7266C4A9-E384-DC00-0EB6-47F6002CFBA7}
		{59E306AA-D7EB-46F2-907A-A70AC07C7CE9} = {7266C4A9-E384-DC00-0EB6-47F6002CFBA7}
		{014357A1-C970-4CA9-BC78-2C85BFD8848B} = {7266C4A9-E384-DC00-0EB6-47F6002CFBA7}
		{624E6F5F-BDB1-4BBC-B725-5D1CF60A8A5A} = {7266C4A9-E384-DC00-0EB6-47F6002CFBA7}
		{8CD4CE0D-F538-40FA-8862-4F06339B71CE} = {7266C4A9-E384-DC00-0EB6-47F6002CFBA7}
		{02EE3AD0-F450-4571-B8DA-3D6899ED36C9} = {7266C4A9-E384-DC00-0EB6-47F6002CFBA7}
		{52352302-5590-44D3-8C1C-45E76623DA4F} = {7266C4A9-E384-DC00-0EB6-47F6002CFBA7}
		{F384D12E-68C4-455C-9CC1-9FA329FEC57C} = {7266C4A9-E384-DC00-0EB6-47F6002CFBA7}
		{90B3A22A-D91E-4EE6-82CE-4C05195B3DB9} = {7266C4A9-E384-DC00-0EB6-47F6002CFBA7}
		{BE001124-5CD1-45C8-8A1C-8AFDE5F413B8} = {7266C4A9-E384-DC00-0EB6-47F6002CFBA7}
		{6B4D7F8E-ACDD-4A5B-95D7-B8F2C892452A} = {7266C4A9-E384-DC00-0EB6-47F6002CFBA7}
		{8472ABD4-6AD8-197C-EF5B-CF36BE2D6BEF} = {CA253913-39DE-BFD0-C9A3-4B7EC6FBDF17}
		{D419B3A0-1AFE-4B0E-BB4F-04437B34CEC2} = {8472ABD4-6AD8-197C-EF5B-CF36BE2D6BEF}
		{9D5E5F8E-D4DB-46D3-9502-CE143422D5F9} = {8472ABD4-6AD8-197C-EF5B-CF36BE2D6BEF}
		{6D08F4D0-4C9A-4B7F-92E0-09D609400C2C} = {8472ABD4-6AD8-197C-EF5B-CF36BE2D6BEF}
		{72E722B3-FFD3-42FA-B243-BBE344F03F49} = {8472ABD4-6AD8-197C-EF5B-CF36BE2D6BEF}
		{75BBB701-86E4-11CD-7151-6ADF65564A7B} = {CA253913-39DE-BFD0-C9A3-4B7EC6FBDF17}
		{F62C5AF3-F4A1-499A-81AC-A79405531B4F} = {75BBB701-86E4-11CD-7151-6ADF65564A7B}
		{FC3D7433-C50E-492F-A985-E463F31ECF4C} = {75BBB701-86E4-11CD-7151-6ADF65564A7B}
		{DE265AAA-5094-40D0-9851-8FC6062E1FA4} = {75BBB701-86E4-11CD-7151-6ADF65564A7B}
		{15C74F69-617E-4500-9C12-27334D45A95A} = {7266C4A9-E384-DC00-0EB6-47F6002CFBA7}
		{B375B047-EF74-4C5A-AD66-FDAC5937D273} = {7266C4A9-E384-DC00-0EB6-47F6002CFBA7}
		{5CDCCBC5-F4F8-472D-A8EA-44DA01BA5D80} = {7266C4A9-E384-DC00-0EB6-47F6002CFBA7}
		{AB5E2CBB-8610-44EE-9684-5DC245680103} = {7266C4A9-E384-DC00-0EB6-47F6002CFBA7}
		{1C00F9DA-F33C-8627-D347-15FF6E4360B7} = {5854FF58-B8C5-05C6-5BF2-ACE42193F22B}
		{14808DFB-3607-4093-B242-6A0CF82AA9CA} = {1C00F9DA-F33C-8627-D347-15FF6E4360B7}
		{C0C5DA80-341E-4070-AC82-1F7F4B15965C} = {1C00F9DA-F33C-8627-D347-15FF6E4360B7}
		{F3E3A2C6-0E62-49CF-9C44-EDB047A445F5} = {1C00F9DA-F33C-8627-D347-15FF6E4360B7}
		{F4EF9BD6-1966-4155-BE9D-8694F09FD3D7} = {1C00F9DA-F33C-8627-D347-15FF6E4360B7}
		{D0295F13-B611-4BE6-B525-581904347B44} = {07C2787E-EAC7-C090-1BA3-A61EC2A24D84}
		{6F7D9E32-A978-4539-A563-60D7B47D4ABC} = {0AB3BF05-4346-4AA6-1389-037BE0695223}
		{4EE03C3E-FBBA-4BFE-A710-2E85770585C8} = {25D181DD-5CC9-F0B3-C64F-91E1AA77FD70}
	EndGlobalSection
EndGlobal
